// !$*UTF8*$!
{
	archiveVersion = 1;
	classes = {
	};
	objectVersion = 50;
	objects = {

/* Begin PBXBuildFile section */
		ED7586C02213803100D9A063 /* CardViewController.swift in Sources */ = {isa = PBXBuildFile; fileRef = ED7586BF2213803100D9A063 /* CardViewController.swift */; };
		ED8AC099221351EB00A23323 /* AppDelegate.m in Sources */ = {isa = PBXBuildFile; fileRef = ED8AC098221351EB00A23323 /* AppDelegate.m */; };
		ED8AC09F221351EB00A23323 /* Main.storyboard in Resources */ = {isa = PBXBuildFile; fileRef = ED8AC09D221351EB00A23323 /* Main.storyboard */; };
		ED8AC0A1221351ED00A23323 /* Assets.xcassets in Resources */ = {isa = PBXBuildFile; fileRef = ED8AC0A0221351ED00A23323 /* Assets.xcassets */; };
		ED8AC0A4221351ED00A23323 /* LaunchScreen.storyboard in Resources */ = {isa = PBXBuildFile; fileRef = ED8AC0A2221351ED00A23323 /* LaunchScreen.storyboard */; };
		ED8AC0A7221351ED00A23323 /* main.m in Sources */ = {isa = PBXBuildFile; fileRef = ED8AC0A6221351ED00A23323 /* main.m */; };
		ED8AC0AF221353E700A23323 /* DVMCard.m in Sources */ = {isa = PBXBuildFile; fileRef = ED8AC0AE221353E700A23323 /* DVMCard.m */; };
		ED8AC0B22213673300A23323 /* DVMCardController.m in Sources */ = {isa = PBXBuildFile; fileRef = ED8AC0B12213673300A23323 /* DVMCardController.m */; };
/* End PBXBuildFile section */

/* Begin PBXFileReference section */
		ED7586BE2213803100D9A063 /* DeckOfOneCardObjectiveC-Bridging-Header.h */ = {isa = PBXFileReference; lastKnownFileType = sourcecode.c.h; path = "DeckOfOneCardObjectiveC-Bridging-Header.h"; sourceTree = "<group>"; };
		ED7586BF2213803100D9A063 /* CardViewController.swift */ = {isa = PBXFileReference; lastKnownFileType = sourcecode.swift; path = CardViewController.swift; sourceTree = "<group>"; };
		ED8AC094221351EB00A23323 /* DeckOfOneCardObjectiveC.app */ = {isa = PBXFileReference; explicitFileType = wrapper.application; includeInIndex = 0; path = DeckOfOneCardObjectiveC.app; sourceTree = BUILT_PRODUCTS_DIR; };
		ED8AC097221351EB00A23323 /* AppDelegate.h */ = {isa = PBXFileReference; lastKnownFileType = sourcecode.c.h; path = AppDelegate.h; sourceTree = "<group>"; };
		ED8AC098221351EB00A23323 /* AppDelegate.m */ = {isa = PBXFileReference; lastKnownFileType = sourcecode.c.objc; path = AppDelegate.m; sourceTree = "<group>"; };
		ED8AC09E221351EB00A23323 /* Base */ = {isa = PBXFileReference; lastKnownFileType = file.storyboard; name = Base; path = Base.lproj/Main.storyboard; sourceTree = "<group>"; };
		ED8AC0A0221351ED00A23323 /* Assets.xcassets */ = {isa = PBXFileReference; lastKnownFileType = folder.assetcatalog; path = Assets.xcassets; sourceTree = "<group>"; };
		ED8AC0A3221351ED00A23323 /* Base */ = {isa = PBXFileReference; lastKnownFileType = file.storyboard; name = Base; path = Base.lproj/LaunchScreen.storyboard; sourceTree = "<group>"; };
		ED8AC0A5221351ED00A23323 /* Info.plist */ = {isa = PBXFileReference; lastKnownFileType = text.plist.xml; path = Info.plist; sourceTree = "<group>"; };
		ED8AC0A6221351ED00A23323 /* main.m */ = {isa = PBXFileReference; lastKnownFileType = sourcecode.c.objc; path = main.m; sourceTree = "<group>"; };
		ED8AC0AD221353E700A23323 /* DVMCard.h */ = {isa = PBXFileReference; lastKnownFileType = sourcecode.c.h; path = DVMCard.h; sourceTree = "<group>"; };
		ED8AC0AE221353E700A23323 /* DVMCard.m */ = {isa = PBXFileReference; lastKnownFileType = sourcecode.c.objc; path = DVMCard.m; sourceTree = "<group>"; };
		ED8AC0B02213673300A23323 /* DVMCardController.h */ = {isa = PBXFileReference; lastKnownFileType = sourcecode.c.h; path = DVMCardController.h; sourceTree = "<group>"; };
		ED8AC0B12213673300A23323 /* DVMCardController.m */ = {isa = PBXFileReference; lastKnownFileType = sourcecode.c.objc; path = DVMCardController.m; sourceTree = "<group>"; };
/* End PBXFileReference section */

/* Begin PBXFrameworksBuildPhase section */
		ED8AC091221351EB00A23323 /* Frameworks */ = {
			isa = PBXFrameworksBuildPhase;
			buildActionMask = 2147483647;
			files = (
			);
			runOnlyForDeploymentPostprocessing = 0;
		};
/* End PBXFrameworksBuildPhase section */

/* Begin PBXGroup section */
		ED7586C12213803E00D9A063 /* Resources */ = {
			isa = PBXGroup;
			children = (
				ED8AC097221351EB00A23323 /* AppDelegate.h */,
				ED8AC098221351EB00A23323 /* AppDelegate.m */,
				ED8AC0A0221351ED00A23323 /* Assets.xcassets */,
				ED8AC0A2221351ED00A23323 /* LaunchScreen.storyboard */,
				ED8AC0A5221351ED00A23323 /* Info.plist */,
				ED8AC0A6221351ED00A23323 /* main.m */,
			);
			path = Resources;
			sourceTree = "<group>";
		};
		ED7586C22213804600D9A063 /* Storyboards */ = {
			isa = PBXGroup;
			children = (
				ED8AC09D221351EB00A23323 /* Main.storyboard */,
			);
			path = Storyboards;
			sourceTree = "<group>";
		};
		ED7586C32213804E00D9A063 /* Models */ = {
			isa = PBXGroup;
			children = (
				ED8AC0AD221353E700A23323 /* DVMCard.h */,
				ED8AC0AE221353E700A23323 /* DVMCard.m */,
			);
			path = Models;
			sourceTree = "<group>";
		};
		ED7586C42213805F00D9A063 /* Controllers */ = {
			isa = PBXGroup;
			children = (
				ED7586C52213806A00D9A063 /* ModelControllers */,
				ED7586C62213807300D9A063 /* ViewControllers */,
			);
			path = Controllers;
			sourceTree = "<group>";
		};
		ED7586C52213806A00D9A063 /* ModelControllers */ = {
			isa = PBXGroup;
			children = (
				ED8AC0B02213673300A23323 /* DVMCardController.h */,
				ED8AC0B12213673300A23323 /* DVMCardController.m */,
			);
			path = ModelControllers;
			sourceTree = "<group>";
		};
		ED7586C62213807300D9A063 /* ViewControllers */ = {
			isa = PBXGroup;
			children = (
				ED7586BF2213803100D9A063 /* CardViewController.swift */,
			);
			path = ViewControllers;
			sourceTree = "<group>";
		};
		ED8AC08B221351EB00A23323 = {
			isa = PBXGroup;
			children = (
				ED8AC096221351EB00A23323 /* DeckOfOneCardObjectiveC */,
				ED8AC095221351EB00A23323 /* Products */,
			);
			sourceTree = "<group>";
		};
		ED8AC095221351EB00A23323 /* Products */ = {
			isa = PBXGroup;
			children = (
				ED8AC094221351EB00A23323 /* DeckOfOneCardObjectiveC.app */,
			);
			name = Products;
			sourceTree = "<group>";
		};
		ED8AC096221351EB00A23323 /* DeckOfOneCardObjectiveC */ = {
			isa = PBXGroup;
			children = (
				ED7586BE2213803100D9A063 /* DeckOfOneCardObjectiveC-Bridging-Header.h */,
				ED7586C12213803E00D9A063 /* Resources */,
				ED7586C22213804600D9A063 /* Storyboards */,
				ED7586C32213804E00D9A063 /* Models */,
				ED7586C42213805F00D9A063 /* Controllers */,
			);
			path = DeckOfOneCardObjectiveC;
			sourceTree = "<group>";
		};
/* End PBXGroup section */

/* Begin PBXNativeTarget section */
		ED8AC093221351EB00A23323 /* DeckOfOneCardObjectiveC */ = {
			isa = PBXNativeTarget;
			buildConfigurationList = ED8AC0AA221351ED00A23323 /* Build configuration list for PBXNativeTarget "DeckOfOneCardObjectiveC" */;
			buildPhases = (
				ED8AC090221351EB00A23323 /* Sources */,
				ED8AC091221351EB00A23323 /* Frameworks */,
				ED8AC092221351EB00A23323 /* Resources */,
			);
			buildRules = (
			);
			dependencies = (
			);
			name = DeckOfOneCardObjectiveC;
			productName = DeckOfOneCardObjectiveC;
			productReference = ED8AC094221351EB00A23323 /* DeckOfOneCardObjectiveC.app */;
			productType = "com.apple.product-type.application";
		};
/* End PBXNativeTarget section */

/* Begin PBXProject section */
		ED8AC08C221351EB00A23323 /* Project object */ = {
			isa = PBXProject;
			attributes = {
				LastUpgradeCheck = 1010;
				ORGANIZATIONNAME = "Nathan Andrus";
				TargetAttributes = {
					ED8AC093221351EB00A23323 = {
						CreatedOnToolsVersion = 10.1;
						LastSwiftMigration = 1010;
					};
				};
			};
			buildConfigurationList = ED8AC08F221351EB00A23323 /* Build configuration list for PBXProject "DeckOfOneCardObjectiveC" */;
			compatibilityVersion = "Xcode 9.3";
			developmentRegion = en;
			hasScannedForEncodings = 0;
			knownRegions = (
				en,
				Base,
			);
			mainGroup = ED8AC08B221351EB00A23323;
			productRefGroup = ED8AC095221351EB00A23323 /* Products */;
			projectDirPath = "";
			projectRoot = "";
			targets = (
				ED8AC093221351EB00A23323 /* DeckOfOneCardObjectiveC */,
			);
		};
/* End PBXProject section */

/* Begin PBXResourcesBuildPhase section */
		ED8AC092221351EB00A23323 /* Resources */ = {
			isa = PBXResourcesBuildPhase;
			buildActionMask = 2147483647;
			files = (
				ED8AC0A4221351ED00A23323 /* LaunchScreen.storyboard in Resources */,
				ED8AC0A1221351ED00A23323 /* Assets.xcassets in Resources */,
				ED8AC09F221351EB00A23323 /* Main.storyboard in Resources */,
			);
			runOnlyForDeploymentPostprocessing = 0;
		};
/* End PBXResourcesBuildPhase section */

/* Begin PBXSourcesBuildPhase section */
		ED8AC090221351EB00A23323 /* Sources */ = {
			isa = PBXSourcesBuildPhase;
			buildActionMask = 2147483647;
			files = (
				ED8AC0AF221353E700A23323 /* DVMCard.m in Sources */,
				ED8AC0A7221351ED00A23323 /* main.m in Sources */,
				ED8AC099221351EB00A23323 /* AppDelegate.m in Sources */,
				ED7586C02213803100D9A063 /* CardViewController.swift in Sources */,
				ED8AC0B22213673300A23323 /* DVMCardController.m in Sources */,
			);
			runOnlyForDeploymentPostprocessing = 0;
		};
/* End PBXSourcesBuildPhase section */

/* Begin PBXVariantGroup section */
		ED8AC09D221351EB00A23323 /* Main.storyboard */ = {
			isa = PBXVariantGroup;
			children = (
				ED8AC09E221351EB00A23323 /* Base */,
			);
			name = Main.storyboard;
			sourceTree = "<group>";
		};
		ED8AC0A2221351ED00A23323 /* LaunchScreen.storyboard */ = {
			isa = PBXVariantGroup;
			children = (
				ED8AC0A3221351ED00A23323 /* Base */,
			);
			name = LaunchScreen.storyboard;
			sourceTree = "<group>";
		};
/* End PBXVariantGroup section */

/* Begin XCBuildConfiguration section */
		ED8AC0A8221351ED00A23323 /* Debug */ = {
			isa = XCBuildConfiguration;
			buildSettings = {
				ALWAYS_SEARCH_USER_PATHS = NO;
				CLANG_ANALYZER_NONNULL = YES;
				CLANG_ANALYZER_NUMBER_OBJECT_CONVERSION = YES_AGGRESSIVE;
				CLANG_CXX_LANGUAGE_STANDARD = "gnu++14";
				CLANG_CXX_LIBRARY = "libc++";
				CLANG_ENABLE_MODULES = YES;
				CLANG_ENABLE_OBJC_ARC = YES;
				CLANG_ENABLE_OBJC_WEAK = YES;
				CLANG_WARN_BLOCK_CAPTURE_AUTORELEASING = YES;
				CLANG_WARN_BOOL_CONVERSION = YES;
				CLANG_WARN_COMMA = YES;
				CLANG_WARN_CONSTANT_CONVERSION = YES;
				CLANG_WARN_DEPRECATED_OBJC_IMPLEMENTATIONS = YES;
				CLANG_WARN_DIRECT_OBJC_ISA_USAGE = YES_ERROR;
				CLANG_WARN_DOCUMENTATION_COMMENTS = YES;
				CLANG_WARN_EMPTY_BODY = YES;
				CLANG_WARN_ENUM_CONVERSION = YES;
				CLANG_WARN_INFINITE_RECURSION = YES;
				CLANG_WARN_INT_CONVERSION = YES;
				CLANG_WARN_NON_LITERAL_NULL_CONVERSION = YES;
				CLANG_WARN_OBJC_IMPLICIT_RETAIN_SELF = YES;
				CLANG_WARN_OBJC_LITERAL_CONVERSION = YES;
				CLANG_WARN_OBJC_ROOT_CLASS = YES_ERROR;
				CLANG_WARN_RANGE_LOOP_ANALYSIS = YES;
				CLANG_WARN_STRICT_PROTOTYPES = YES;
				CLANG_WARN_SUSPICIOUS_MOVE = YES;
				CLANG_WARN_UNGUARDED_AVAILABILITY = YES_AGGRESSIVE;
				CLANG_WARN_UNREACHABLE_CODE = YES;
				CLANG_WARN__DUPLICATE_METHOD_MATCH = YES;
				CODE_SIGN_IDENTITY = "iPhone Developer";
				COPY_PHASE_STRIP = NO;
				DEBUG_INFORMATION_FORMAT = dwarf;
				ENABLE_STRICT_OBJC_MSGSEND = YES;
				ENABLE_TESTABILITY = YES;
				GCC_C_LANGUAGE_STANDARD = gnu11;
				GCC_DYNAMIC_NO_PIC = NO;
				GCC_NO_COMMON_BLOCKS = YES;
				GCC_OPTIMIZATION_LEVEL = 0;
				GCC_PREPROCESSOR_DEFINITIONS = (
					"DEBUG=1",
					"$(inherited)",
				);
				GCC_WARN_64_TO_32_BIT_CONVERSION = YES;
				GCC_WARN_ABOUT_RETURN_TYPE = YES_ERROR;
				GCC_WARN_UNDECLARED_SELECTOR = YES;
				GCC_WARN_UNINITIALIZED_AUTOS = YES_AGGRESSIVE;
				GCC_WARN_UNUSED_FUNCTION = YES;
				GCC_WARN_UNUSED_VARIABLE = YES;
				IPHONEOS_DEPLOYMENT_TARGET = 12.1;
				MTL_ENABLE_DEBUG_INFO = INCLUDE_SOURCE;
				MTL_FAST_MATH = YES;
				ONLY_ACTIVE_ARCH = YES;
				SDKROOT = iphoneos;
			};
			name = Debug;
		};
		ED8AC0A9221351ED00A23323 /* Release */ = {
			isa = XCBuildConfiguration;
			buildSettings = {
				ALWAYS_SEARCH_USER_PATHS = NO;
				CLANG_ANALYZER_NONNULL = YES;
				CLANG_ANALYZER_NUMBER_OBJECT_CONVERSION = YES_AGGRESSIVE;
				CLANG_CXX_LANGUAGE_STANDARD = "gnu++14";
				CLANG_CXX_LIBRARY = "libc++";
				CLANG_ENABLE_MODULES = YES;
				CLANG_ENABLE_OBJC_ARC = YES;
				CLANG_ENABLE_OBJC_WEAK = YES;
				CLANG_WARN_BLOCK_CAPTURE_AUTORELEASING = YES;
				CLANG_WARN_BOOL_CONVERSION = YES;
				CLANG_WARN_COMMA = YES;
				CLANG_WARN_CONSTANT_CONVERSION = YES;
				CLANG_WARN_DEPRECATED_OBJC_IMPLEMENTATIONS = YES;
				CLANG_WARN_DIRECT_OBJC_ISA_USAGE = YES_ERROR;
				CLANG_WARN_DOCUMENTATION_COMMENTS = YES;
				CLANG_WARN_EMPTY_BODY = YES;
				CLANG_WARN_ENUM_CONVERSION = YES;
				CLANG_WARN_INFINITE_RECURSION = YES;
				CLANG_WARN_INT_CONVERSION = YES;
				CLANG_WARN_NON_LITERAL_NULL_CONVERSION = YES;
				CLANG_WARN_OBJC_IMPLICIT_RETAIN_SELF = YES;
				CLANG_WARN_OBJC_LITERAL_CONVERSION = YES;
				CLANG_WARN_OBJC_ROOT_CLASS = YES_ERROR;
				CLANG_WARN_RANGE_LOOP_ANALYSIS = YES;
				CLANG_WARN_STRICT_PROTOTYPES = YES;
				CLANG_WARN_SUSPICIOUS_MOVE = YES;
				CLANG_WARN_UNGUARDED_AVAILABILITY = YES_AGGRESSIVE;
				CLANG_WARN_UNREACHABLE_CODE = YES;
				CLANG_WARN__DUPLICATE_METHOD_MATCH = YES;
				CODE_SIGN_IDENTITY = "iPhone Developer";
				COPY_PHASE_STRIP = NO;
				DEBUG_INFORMATION_FORMAT = "dwarf-with-dsym";
				ENABLE_NS_ASSERTIONS = NO;
				ENABLE_STRICT_OBJC_MSGSEND = YES;
				GCC_C_LANGUAGE_STANDARD = gnu11;
				GCC_NO_COMMON_BLOCKS = YES;
				GCC_WARN_64_TO_32_BIT_CONVERSION = YES;
				GCC_WARN_ABOUT_RETURN_TYPE = YES_ERROR;
				GCC_WARN_UNDECLARED_SELECTOR = YES;
				GCC_WARN_UNINITIALIZED_AUTOS = YES_AGGRESSIVE;
				GCC_WARN_UNUSED_FUNCTION = YES;
				GCC_WARN_UNUSED_VARIABLE = YES;
				IPHONEOS_DEPLOYMENT_TARGET = 12.1;
				MTL_ENABLE_DEBUG_INFO = NO;
				MTL_FAST_MATH = YES;
				SDKROOT = iphoneos;
				VALIDATE_PRODUCT = YES;
			};
			name = Release;
		};
		ED8AC0AB221351ED00A23323 /* Debug */ = {
			isa = XCBuildConfiguration;
			buildSettings = {
				ASSETCATALOG_COMPILER_APPICON_NAME = AppIcon;
				CLANG_ENABLE_MODULES = YES;
				CODE_SIGN_STYLE = Automatic;
				INFOPLIST_FILE = "$(SRCROOT)/DeckOfOneCardObjectiveC/Resources/Info.plist";
				LD_RUNPATH_SEARCH_PATHS = (
					"$(inherited)",
					"@executable_path/Frameworks",
				);
				PRODUCT_BUNDLE_IDENTIFIER = Andrus.DeckOfOneCardObjectiveC;
				PRODUCT_NAME = "$(TARGET_NAME)";
				SWIFT_OBJC_BRIDGING_HEADER = "DeckOfOneCardObjectiveC/DeckOfOneCardObjectiveC-Bridging-Header.h";
				SWIFT_OPTIMIZATION_LEVEL = "-Onone";
				SWIFT_VERSION = 4.2;
				TARGETED_DEVICE_FAMILY = "1,2";
			};
			name = Debug;
		};
		ED8AC0AC221351ED00A23323 /* Release */ = {
			isa = XCBuildConfiguration;
			buildSettings = {
				ASSETCATALOG_COMPILER_APPICON_NAME = AppIcon;
				CLANG_ENABLE_MODULES = YES;
				CODE_SIGN_STYLE = Automatic;
				INFOPLIST_FILE = "$(SRCROOT)/DeckOfOneCardObjectiveC/Resources/Info.plist";
				LD_RUNPATH_SEARCH_PATHS = (
					"$(inherited)",
					"@executable_path/Frameworks",
				);
				PRODUCT_BUNDLE_IDENTIFIER = Andrus.DeckOfOneCardObjectiveC;
				PRODUCT_NAME = "$(TARGET_NAME)";
				SWIFT_OBJC_BRIDGING_HEADER = "DeckOfOneCardObjectiveC/DeckOfOneCardObjectiveC-Bridging-Header.h";
				SWIFT_VERSION = 4.2;
				TARGETED_DEVICE_FAMILY = "1,2";
			};
			name = Release;
		};
/* End XCBuildConfiguration section */

/* Begin XCConfigurationList section */
		ED8AC08F221351EB00A23323 /* Build configuration list for PBXProject "DeckOfOneCardObjectiveC" */ = {
			isa = XCConfigurationList;
			buildConfigurations = (
				ED8AC0A8221351ED00A23323 /* Debug */,
				ED8AC0A9221351ED00A23323 /* Release */,
			);
			defaultConfigurationIsVisible = 0;
			defaultConfigurationName = Release;
		};
		ED8AC0AA221351ED00A23323 /* Build configuration list for PBXNativeTarget "DeckOfOneCardObjectiveC" */ = {
			isa = XCConfigurationList;
			buildConfigurations = (
				ED8AC0AB221351ED00A23323 /* Debug */,
				ED8AC0AC221351ED00A23323 /* Release */,
			);
			defaultConfigurationIsVisible = 0;
			defaultConfigurationName = Release;
		};
/* End XCConfigurationList section */
	};
	rootObject = ED8AC08C221351EB00A23323 /* Project object */;
}
